
Microsoft Visual Studio Solution File, Format Version 11.00
# Visual C# Express 2010
Project("{FAE04EC0-301F-11D3-BF4B-00C04F79EFBC}") = "ECRComms", "ECRComms\ECRComms.csproj", "{32CD90E9-1B51-4A9F-B83B-BA2096BBE66F}"
EndProject
Project("{FAE04EC0-301F-11D3-BF4B-00C04F79EFBC}") = "libECRComms", "libECRComms\libECRComms.csproj", "{6164CFC3-1458-4C77-9C7C-595E8E2E994C}"
EndProject
Global
	GlobalSection(SolutionConfigurationPlatforms) = preSolution
		Debug|Any CPU = Debug|Any CPU
		Debug|Mixed Platforms = Debug|Mixed Platforms
		Debug|x86 = Debug|x86
		Release|Any CPU = Release|Any CPU
		Release|Mixed Platforms = Release|Mixed Platforms
		Release|x86 = Release|x86
	EndGlobalSection
	GlobalSection(ProjectConfigurationPlatforms) = postSolution
		{32CD90E9-1B51-4A9F-B83B-BA2096BBE66F}.Debug|Any CPU.ActiveCfg = Debug|x86
		{32CD90E9-1B51-4A9F-B83B-BA2096BBE66F}.Debug|Mixed Platforms.ActiveCfg = Debug|x86
		{32CD90E9-1B51-4A9F-B83B-BA2096BBE66F}.Debug|Mixed Platforms.Build.0 = Debug|x86
		{32CD90E9-1B51-4A9F-B83B-BA2096BBE66F}.Debug|x86.ActiveCfg = Debug|x86
		{32CD90E9-1B51-4A9F-B83B-BA2096BBE66F}.Debug|x86.Build.0 = Debug|x86
		{32CD90E9-1B51-4A9F-B83B-BA2096BBE66F}.Release|Any CPU.ActiveCfg = Release|x86
		{32CD90E9-1B51-4A9F-B83B-BA2096BBE66F}.Release|Mixed Platforms.ActiveCfg = Release|x86
		{32CD90E9-1B51-4A9F-B83B-BA2096BBE66F}.Release|Mixed Platforms.Build.0 = Release|x86
		{32CD90E9-1B51-4A9F-B83B-BA2096BBE66F}.Release|x86.ActiveCfg = Release|x86
		{32CD90E9-1B51-4A9F-B83B-BA2096BBE66F}.Release|x86.Build.0 = Release|x86
		{6164CFC3-1458-4C77-9C7C-595E8E2E994C}.Debug|Any CPU.ActiveCfg = Debug|Any CPU
		{6164CFC3-1458-4C77-9C7C-595E8E2E994C}.Debug|Any CPU.Build.0 = Debug|Any CPU
		{6164CFC3-1458-4C77-9C7C-595E8E2E994C}.Debug|Mixed Platforms.ActiveCfg = Debug|Any CPU
		{6164CFC3-1458-4C77-9C7C-595E8E2E994C}.Debug|Mixed Platforms.Build.0 = Debug|Any CPU
		{6164CFC3-1458-4C77-9C7C-595E8E2E994C}.Debug|x86.ActiveCfg = Debug|Any CPU
		{6164CFC3-1458-4C77-9C7C-595E8E2E994C}.Release|Any CPU.ActiveCfg = Release|Any CPU
		{6164CFC3-1458-4C77-9C7C-595E8E2E994C}.Release|Any CPU.Build.0 = Release|Any CPU
		{6164CFC3-1458-4C77-9C7C-595E8E2E994C}.Release|Mixed Platforms.ActiveCfg = Release|Any CPU
		{6164CFC3-1458-4C77-9C7C-595E8E2E994C}.Release|Mixed Platforms.Build.0 = Release|Any CPU
		{6164CFC3-1458-4C77-9C7C-595E8E2E994C}.Release|x86.ActiveCfg = Release|Any CPU
	EndGlobalSection
	GlobalSection(SolutionProperties) = preSolution
		HideSolutionNode = FALSE
	EndGlobalSection
EndGlobal
